{
  "version": 4,
  "terraform_version": "1.3.0",
  "serial": 22,
  "lineage": "fa5bbe55-7110-4f55-0145-321ff2009b2d",
  "outputs": {},
  "resources": [
    {
      "mode": "managed",
      "type": "local_file",
      "name": "pet",
      "provider": "provider[\"registry.terraform.io/hashicorp/local\"]",
      "instances": [
        {
          "index_key": "cats.txt",
          "schema_version": 0,
          "attributes": {
            "content": "really",
            "content_base64": null,
            "content_base64sha256": "24/74c0ZcIuP++wd2rtW88mWx3EOc1JFX66v634WEQE=",
            "content_base64sha512": "VMN3YjUawlt+hkd9igePrzR/z6vfBExDdtByjObNz+SAHg4bzbwOLXEEL78gd5st1YCXWsbFnRVyUNDOOY98aQ==",
            "content_md5": "d2d92eb96ffa2135ad0471e5e520c46f",
            "content_sha1": "084ab4093f675b9f4eb22dc243a80d8adc4ff27c",
            "content_sha256": "db8ffbe1cd19708b8ffbec1ddabb56f3c996c7710e7352455faeafeb7e161101",
            "content_sha512": "54c37762351ac25b7e86477d8a078faf347fcfabdf044c4376d0728ce6cdcfe4801e0e1bcdbc0e2d71042fbf20779b2dd580975ac6c59d157250d0ce398f7c69",
            "directory_permission": "0777",
            "file_permission": "0777",
            "filename": "cats.txt",
            "id": "084ab4093f675b9f4eb22dc243a80d8adc4ff27c",
            "sensitive_content": null,
            "source": null
          },
          "sensitive_attributes": []
        },
        {
          "index_key": "dogs.txt",
          "schema_version": 0,
          "attributes": {
            "content": "really",
            "content_base64": null,
            "content_base64sha256": "24/74c0ZcIuP++wd2rtW88mWx3EOc1JFX66v634WEQE=",
            "content_base64sha512": "VMN3YjUawlt+hkd9igePrzR/z6vfBExDdtByjObNz+SAHg4bzbwOLXEEL78gd5st1YCXWsbFnRVyUNDOOY98aQ==",
            "content_md5": "d2d92eb96ffa2135ad0471e5e520c46f",
            "content_sha1": "084ab4093f675b9f4eb22dc243a80d8adc4ff27c",
            "content_sha256": "db8ffbe1cd19708b8ffbec1ddabb56f3c996c7710e7352455faeafeb7e161101",
            "content_sha512": "54c37762351ac25b7e86477d8a078faf347fcfabdf044c4376d0728ce6cdcfe4801e0e1bcdbc0e2d71042fbf20779b2dd580975ac6c59d157250d0ce398f7c69",
            "directory_permission": "0777",
            "file_permission": "0777",
            "filename": "dogs.txt",
            "id": "084ab4093f675b9f4eb22dc243a80d8adc4ff27c",
            "sensitive_content": null,
            "source": null
          },
          "sensitive_attributes": []
        },
        {
          "index_key": "lions.txt",
          "schema_version": 0,
          "attributes": {
            "content": "really",
            "content_base64": null,
            "content_base64sha256": "24/74c0ZcIuP++wd2rtW88mWx3EOc1JFX66v634WEQE=",
            "content_base64sha512": "VMN3YjUawlt+hkd9igePrzR/z6vfBExDdtByjObNz+SAHg4bzbwOLXEEL78gd5st1YCXWsbFnRVyUNDOOY98aQ==",
            "content_md5": "d2d92eb96ffa2135ad0471e5e520c46f",
            "content_sha1": "084ab4093f675b9f4eb22dc243a80d8adc4ff27c",
            "content_sha256": "db8ffbe1cd19708b8ffbec1ddabb56f3c996c7710e7352455faeafeb7e161101",
            "content_sha512": "54c37762351ac25b7e86477d8a078faf347fcfabdf044c4376d0728ce6cdcfe4801e0e1bcdbc0e2d71042fbf20779b2dd580975ac6c59d157250d0ce398f7c69",
            "directory_permission": "0777",
            "file_permission": "0777",
            "filename": "lions.txt",
            "id": "084ab4093f675b9f4eb22dc243a80d8adc4ff27c",
            "sensitive_content": null,
            "source": null
          },
          "sensitive_attributes": []
        },
        {
          "index_key": "pets.txt",
          "schema_version": 0,
          "attributes": {
            "content": "really",
            "content_base64": null,
            "content_base64sha256": "24/74c0ZcIuP++wd2rtW88mWx3EOc1JFX66v634WEQE=",
            "content_base64sha512": "VMN3YjUawlt+hkd9igePrzR/z6vfBExDdtByjObNz+SAHg4bzbwOLXEEL78gd5st1YCXWsbFnRVyUNDOOY98aQ==",
            "content_md5": "d2d92eb96ffa2135ad0471e5e520c46f",
            "content_sha1": "084ab4093f675b9f4eb22dc243a80d8adc4ff27c",
            "content_sha256": "db8ffbe1cd19708b8ffbec1ddabb56f3c996c7710e7352455faeafeb7e161101",
            "content_sha512": "54c37762351ac25b7e86477d8a078faf347fcfabdf044c4376d0728ce6cdcfe4801e0e1bcdbc0e2d71042fbf20779b2dd580975ac6c59d157250d0ce398f7c69",
            "directory_permission": "0777",
            "file_permission": "0777",
            "filename": "pets.txt",
            "id": "084ab4093f675b9f4eb22dc243a80d8adc4ff27c",
            "sensitive_content": null,
            "source": null
          },
          "sensitive_attributes": []
        },
        {
          "index_key": "wolves.txt",
          "schema_version": 0,
          "attributes": {
            "content": "really",
            "content_base64": null,
            "content_base64sha256": "24/74c0ZcIuP++wd2rtW88mWx3EOc1JFX66v634WEQE=",
            "content_base64sha512": "VMN3YjUawlt+hkd9igePrzR/z6vfBExDdtByjObNz+SAHg4bzbwOLXEEL78gd5st1YCXWsbFnRVyUNDOOY98aQ==",
            "content_md5": "d2d92eb96ffa2135ad0471e5e520c46f",
            "content_sha1": "084ab4093f675b9f4eb22dc243a80d8adc4ff27c",
            "content_sha256": "db8ffbe1cd19708b8ffbec1ddabb56f3c996c7710e7352455faeafeb7e161101",
            "content_sha512": "54c37762351ac25b7e86477d8a078faf347fcfabdf044c4376d0728ce6cdcfe4801e0e1bcdbc0e2d71042fbf20779b2dd580975ac6c59d157250d0ce398f7c69",
            "directory_permission": "0777",
            "file_permission": "0777",
            "filename": "wolves.txt",
            "id": "084ab4093f675b9f4eb22dc243a80d8adc4ff27c",
            "sensitive_content": null,
            "source": null
          },
          "sensitive_attributes": []
        }
      ]
    }
  ],
  "check_results": []
}
